
Microsoft Visual Studio Solution File, Format Version 12.00
# Visual Studio Version 17
VisualStudioVersion = 17.8.34112.27
MinimumVisualStudioVersion = 10.0.40219.1
Project("{FAE04EC0-301F-11D3-BF4B-00C04F79EFBC}") = "MauiApp1", "MauiApp1\MauiApp1.csproj", "{FB676B76-E202-4833-A01E-39523E6E3C43}"
EndProject
Global
	GlobalSection(SolutionConfigurationPlatforms) = preSolution
		Debug|Any CPU = Debug|Any CPU
		Release|Any CPU = Release|Any CPU
	EndGlobalSection
	GlobalSection(ProjectConfigurationPlatforms) = postSolution
		{FB676B76-E202-4833-A01E-39523E6E3C43}.Debug|Any CPU.ActiveCfg = Debug|Any CPU
		{FB676B76-E202-4833-A01E-39523E6E3C43}.Debug|Any CPU.Build.0 = Debug|Any CPU
		{FB676B76-E202-4833-A01E-39523E6E3C43}.Debug|Any CPU.Deploy.0 = Debug|Any CPU
		{FB676B76-E202-4833-A01E-39523E6E3C43}.Release|Any CPU.ActiveCfg = Release|Any CPU
		{FB676B76-E202-4833-A01E-39523E6E3C43}.Release|Any CPU.Build.0 = Release|Any CPU
		{FB676B76-E202-4833-A01E-39523E6E3C43}.Release|Any CPU.Deploy.0 = Release|Any CPU
	EndGlobalSection
	GlobalSection(SolutionProperties) = preSolution
		HideSolutionNode = FALSE
	EndGlobalSection
	GlobalSection(ExtensibilityGlobals) = postSolution
		SolutionGuid = {798F0A28-C4F2-47E7-AA03-B2749B850773}
	EndGlobalSection
EndGlobal
